<?xml version="1.0" encoding="utf-8"?>
<Project ToolsVersion="4.0" xmlns="http://schemas.microsoft.com/developer/msbuild/2003">
  <ItemGroup>
    <Filter Include="Source Files">
      <UniqueIdentifier>{4FC737F1-C7A5-4376-A066-2A32D752A2FF}</UniqueIdentifier>
      <Extensions>cpp;c;cc;cxx;c++;cppm;ixx;def;odl;idl;hpj;bat;asm;asmx</Extensions>
    </Filter>
    <Filter Include="Header Files">
      <UniqueIdentifier>{93995380-89BD-4b04-88EB-625FBE52EBFB}</UniqueIdentifier>
      <Extensions>h;hh;hpp;hxx;h++;hm;inl;inc;ipp;xsd</Extensions>
    </Filter>
    <Filter Include="Resource Files">
      <UniqueIdentifier>{67DA6AB6-F800-4c08-8B7A-83BB121AAD01}</UniqueIdentifier>
      <Extensions>rc;ico;cur;bmp;dlg;rc2;rct;bin;rgs;gif;jpg;jpeg;jpe;resx;tiff;tif;png;wav;mfcribbon-ms</Extensions>
    </Filter>
    <Filter Include="Users">
      <UniqueIdentifier>{e9cf6272-beba-4f33-b459-e41bd7212c1d}</UniqueIdentifier>
    </Filter>
    <Filter Include="Screens">
      <UniqueIdentifier>{567d4cc4-b2c0-4ff7-89d1-6d0cc8fd8fd5}</UniqueIdentifier>
    </Filter>
    <Filter Include="Commands">
      <UniqueIdentifier>{fcdb4c5f-aeaa-4893-a1da-b07f55e293db}</UniqueIdentifier>
    </Filter>
    <Filter Include="Game">
      <UniqueIdentifier>{bf8f269c-925f-4706-ad08-bbd2b242bb05}</UniqueIdentifier>
    </Filter>
    <Filter Include="Strategies">
      <UniqueIdentifier>{b4d765e5-7841-460a-8729-bc76d95ae038}</UniqueIdentifier>
    </Filter>
    <Filter Include="Core">
      <UniqueIdentifier>{29c5cb9c-0a31-42fb-9770-69afa179c45f}</UniqueIdentifier>
    </Filter>
  </ItemGroup>
  <ItemGroup>
    <ClCompile Include="Admin.cpp">
      <Filter>Users</Filter>
    </ClCompile>
    <ClCompile Include="Player.cpp">
      <Filter>Users</Filter>
    </ClCompile>
    <ClCompile Include="User.cpp">
      <Filter>Users</Filter>
    </ClCompile>
    <ClCompile Include="UserManager.cpp">
      <Filter>Users</Filter>
    </ClCompile>
    <ClCompile Include="AdminScreen.cpp">
      <Filter>Screens</Filter>
    </ClCompile>
    <ClCompile Include="AuthScreen.cpp">
      <Filter>Screens</Filter>
    </ClCompile>
    <ClCompile Include="IScreen.cpp">
      <Filter>Screens</Filter>
    </ClCompile>
    <ClCompile Include="PlayerScreen.cpp">
      <Filter>Screens</Filter>
    </ClCompile>
    <ClCompile Include="BlockUserCommand.cpp">
      <Filter>Commands</Filter>
    </ClCompile>
    <ClCompile Include="ExitCommand.cpp">
      <Filter>Commands</Filter>
    </ClCompile>
    <ClCompile Include="HowToPlayCommand.cpp">
      <Filter>Commands</Filter>
    </ClCompile>
    <ClCompile Include="LoginCommand.cpp">
      <Filter>Commands</Filter>
    </ClCompile>
    <ClCompile Include="LogoutCommand.cpp">
      <Filter>Commands</Filter>
    </ClCompile>
    <ClCompile Include="PlayGameCommand.cpp">
      <Filter>Commands</Filter>
    </ClCompile>
    <ClCompile Include="RegisterCommand.cpp">
      <Filter>Commands</Filter>
    </ClCompile>
    <ClCompile Include="ShowGameOptionsCommand.cpp">
      <Filter>Commands</Filter>
    </ClCompile>
    <ClCompile Include="ShowPlayerStatisticsCommand.cpp">
      <Filter>Commands</Filter>
    </ClCompile>
    <ClCompile Include="ShowUsersCommand.cpp">
      <Filter>Commands</Filter>
    </ClCompile>
    <ClCompile Include="Cell.cpp">
      <Filter>Game</Filter>
    </ClCompile>
    <ClCompile Include="Game.cpp">
      <Filter>Game</Filter>
    </ClCompile>
    <ClCompile Include="Board.cpp">
      <Filter>Game</Filter>
    </ClCompile>
    <ClCompile Include="ExpertStrategy.cpp">
      <Filter>Strategies</Filter>
    </ClCompile>
    <ClCompile Include="BeginnerStrategy.cpp">
      <Filter>Strategies</Filter>
    </ClCompile>
    <ClCompile Include="IntermediateStrategy.cpp">
      <Filter>Strategies</Filter>
    </ClCompile>
    <ClCompile Include="Statistics.cpp">
      <Filter>Users</Filter>
    </ClCompile>
    <ClCompile Include="ScreenResult.cpp">
      <Filter>Screens</Filter>
    </ClCompile>
    <ClCompile Include="CommandResult.cpp">
      <Filter>Commands</Filter>
    </ClCompile>
    <ClCompile Include="CommandFactory.cpp">
      <Filter>Core</Filter>
    </ClCompile>
    <ClCompile Include="GameOptions.cpp">
      <Filter>Core</Filter>
    </ClCompile>
    <ClCompile Include="Minesweeper_Game.cpp">
      <Filter>Core</Filter>
    </ClCompile>
    <ClCompile Include="Session.cpp">
      <Filter>Core</Filter>
    </ClCompile>
    <ClCompile Include="System.cpp">
      <Filter>Core</Filter>
    </ClCompile>
  </ItemGroup>
  <ItemGroup>
    <ClInclude Include="User.h">
      <Filter>Users</Filter>
    </ClInclude>
    <ClInclude Include="UserManager.h">
      <Filter>Users</Filter>
    </ClInclude>
    <ClInclude Include="Player.h">
      <Filter>Users</Filter>
    </ClInclude>
    <ClInclude Include="Admin.h">
      <Filter>Users</Filter>
    </ClInclude>
    <ClInclude Include="AdminScreen.h">
      <Filter>Screens</Filter>
    </ClInclude>
    <ClInclude Include="AuthScreen.h">
      <Filter>Screens</Filter>
    </ClInclude>
    <ClInclude Include="IScreen.h">
      <Filter>Screens</Filter>
    </ClInclude>
    <ClInclude Include="PlayerScreen.h">
      <Filter>Screens</Filter>
    </ClInclude>
    <ClInclude Include="BlockUserCommand.h">
      <Filter>Commands</Filter>
    </ClInclude>
    <ClInclude Include="ExitCommand.h">
      <Filter>Commands</Filter>
    </ClInclude>
    <ClInclude Include="HowToPlayCommand.h">
      <Filter>Commands</Filter>
    </ClInclude>
    <ClInclude Include="ICommand.h">
      <Filter>Commands</Filter>
    </ClInclude>
    <ClInclude Include="LoginCommand.h">
      <Filter>Commands</Filter>
    </ClInclude>
    <ClInclude Include="LogoutCommand.h">
      <Filter>Commands</Filter>
    </ClInclude>
    <ClInclude Include="PlayGameCommand.h">
      <Filter>Commands</Filter>
    </ClInclude>
    <ClInclude Include="RegisterCommand.h">
      <Filter>Commands</Filter>
    </ClInclude>
    <ClInclude Include="ShowGameOptionsCommand.h">
      <Filter>Commands</Filter>
    </ClInclude>
    <ClInclude Include="ShowPlayerStatisticsCommand.h">
      <Filter>Commands</Filter>
    </ClInclude>
    <ClInclude Include="ShowUsersCommand.h">
      <Filter>Commands</Filter>
    </ClInclude>
    <ClInclude Include="Cell.h">
      <Filter>Game</Filter>
    </ClInclude>
    <ClInclude Include="Board.h">
      <Filter>Game</Filter>
    </ClInclude>
    <ClInclude Include="Game.h">
      <Filter>Game</Filter>
    </ClInclude>
    <ClInclude Include="BeginnerStrategy.h">
      <Filter>Strategies</Filter>
    </ClInclude>
    <ClInclude Include="ExpertStrategy.h">
      <Filter>Strategies</Filter>
    </ClInclude>
    <ClInclude Include="IDifficultyStrategy.h">
      <Filter>Strategies</Filter>
    </ClInclude>
    <ClInclude Include="IntermediateStrategy.h">
      <Filter>Strategies</Filter>
    </ClInclude>
    <ClInclude Include="Statistics.h">
      <Filter>Users</Filter>
    </ClInclude>
    <ClInclude Include="ScreenResult.h">
      <Filter>Screens</Filter>
    </ClInclude>
    <ClInclude Include="CommandResult.h">
      <Filter>Commands</Filter>
    </ClInclude>
    <ClInclude Include="System.h">
      <Filter>Core</Filter>
    </ClInclude>
    <ClInclude Include="Session.h">
      <Filter>Core</Filter>
    </ClInclude>
    <ClInclude Include="GameOptions.h">
      <Filter>Core</Filter>
    </ClInclude>
    <ClInclude Include="EnumClasses.h">
      <Filter>Core</Filter>
    </ClInclude>
    <ClInclude Include="Constants.h">
      <Filter>Core</Filter>
    </ClInclude>
    <ClInclude Include="CommandFactory.h">
      <Filter>Core</Filter>
    </ClInclude>
  </ItemGroup>
</Project>